
Microsoft Visual Studio Solution File, Format Version 12.00
# Visual Studio Version 16
VisualStudioVersion = 16.0.31005.135
MinimumVisualStudioVersion = 10.0.40219.1
Project("{9A19103F-16F7-4668-BE54-9A1E7A4F7556}") = "WEB", "student testing\WEB.csproj", "{D74C236A-E778-4C4D-BA4D-0C4CD799A7A4}"
EndProject
Project("{FAE04EC0-301F-11D3-BF4B-00C04F79EFBC}") = "DAL", "DAL\DAL.csproj", "{68A39AA6-6F13-4628-A570-3A8EF8D227EC}"
EndProject
Project("{FAE04EC0-301F-11D3-BF4B-00C04F79EFBC}") = "BLL", "BLL\BLL.csproj", "{CE38533D-53B6-48FF-97BE-00132FA6DDEC}"
EndProject
Project("{FAE04EC0-301F-11D3-BF4B-00C04F79EFBC}") = "ConsoleTestUI", "Test\ConsoleTestUI.csproj", "{221B7349-2CD4-4D60-8B68-9C9AE245A150}"
EndProject
Global
	GlobalSection(SolutionConfigurationPlatforms) = preSolution
		Debug|Any CPU = Debug|Any CPU
		Release|Any CPU = Release|Any CPU
	EndGlobalSection
	GlobalSection(ProjectConfigurationPlatforms) = postSolution
		{D74C236A-E778-4C4D-BA4D-0C4CD799A7A4}.Debug|Any CPU.ActiveCfg = Debug|Any CPU
		{D74C236A-E778-4C4D-BA4D-0C4CD799A7A4}.Debug|Any CPU.Build.0 = Debug|Any CPU
		{D74C236A-E778-4C4D-BA4D-0C4CD799A7A4}.Release|Any CPU.ActiveCfg = Release|Any CPU
		{D74C236A-E778-4C4D-BA4D-0C4CD799A7A4}.Release|Any CPU.Build.0 = Release|Any CPU
		{68A39AA6-6F13-4628-A570-3A8EF8D227EC}.Debug|Any CPU.ActiveCfg = Debug|Any CPU
		{68A39AA6-6F13-4628-A570-3A8EF8D227EC}.Debug|Any CPU.Build.0 = Debug|Any CPU
		{68A39AA6-6F13-4628-A570-3A8EF8D227EC}.Release|Any CPU.ActiveCfg = Release|Any CPU
		{68A39AA6-6F13-4628-A570-3A8EF8D227EC}.Release|Any CPU.Build.0 = Release|Any CPU
		{CE38533D-53B6-48FF-97BE-00132FA6DDEC}.Debug|Any CPU.ActiveCfg = Debug|Any CPU
		{CE38533D-53B6-48FF-97BE-00132FA6DDEC}.Debug|Any CPU.Build.0 = Debug|Any CPU
		{CE38533D-53B6-48FF-97BE-00132FA6DDEC}.Release|Any CPU.ActiveCfg = Release|Any CPU
		{CE38533D-53B6-48FF-97BE-00132FA6DDEC}.Release|Any CPU.Build.0 = Release|Any CPU
		{221B7349-2CD4-4D60-8B68-9C9AE245A150}.Debug|Any CPU.ActiveCfg = Debug|Any CPU
		{221B7349-2CD4-4D60-8B68-9C9AE245A150}.Debug|Any CPU.Build.0 = Debug|Any CPU
		{221B7349-2CD4-4D60-8B68-9C9AE245A150}.Release|Any CPU.ActiveCfg = Release|Any CPU
		{221B7349-2CD4-4D60-8B68-9C9AE245A150}.Release|Any CPU.Build.0 = Release|Any CPU
	EndGlobalSection
	GlobalSection(SolutionProperties) = preSolution
		HideSolutionNode = FALSE
	EndGlobalSection
	GlobalSection(ExtensibilityGlobals) = postSolution
		SolutionGuid = {34425F1B-62FC-4306-92FD-23016C05281A}
	EndGlobalSection
EndGlobal
